%{
  "bakeware": {:hex, :bakeware, "0.2.4", "0aaf49b34f4bab2aa433f9ff1485d9401e421603160abd6d269c469fc7b65212", [:make, :mix], [{:elixir_make, "~> 0.6", [hex: :elixir_make, repo: "hexpm", optional: false]}], "hexpm", "7b97bcf6fbeee53bb32441d6c495bf478d26f9575633cfef6831e421e86ada6d"},
  "elixir_make": {:hex, :elixir_make, "0.6.3", "bc07d53221216838d79e03a8019d0839786703129599e9619f4ab74c8c096eac", [:mix], [], "hexpm", "f5cbd651c5678bcaabdbb7857658ee106b12509cd976c2c2fca99688e1daf716"},
  "optimus": {:git, "git@github.com:thruflo/optimus.git", "a551907874750e596424f0465f40d7792523881f", []},
}
